// !$*UTF8*$!
{
	archiveVersion = 1;
	classes = {
	};
	objectVersion = 55;
	objects = {

/* Begin PBXBuildFile section */
		72348980A73ACA4D0557B56A /* Pods_CommentDiary.framework in Frameworks */ = {isa = PBXBuildFile; fileRef = 257620E5E0C6E68F06987348 /* Pods_CommentDiary.framework */; };
		A503FF7627CE4D090049FF82 /* NSave.storyboard in Resources */ = {isa = PBXBuildFile; fileRef = A503FF7527CE4D090049FF82 /* NSave.storyboard */; };
		A503FF7827CE4D170049FF82 /* NSaveViewController.swift in Sources */ = {isa = PBXBuildFile; fileRef = A503FF7727CE4D170049FF82 /* NSaveViewController.swift */; };
		A503FF7A27CE4D630049FF82 /* YPreSaveViewController.swift in Sources */ = {isa = PBXBuildFile; fileRef = A503FF7927CE4D630049FF82 /* YPreSaveViewController.swift */; };
		A503FF7C27CE4D6C0049FF82 /* YPreSave.storyboard in Resources */ = {isa = PBXBuildFile; fileRef = A503FF7B27CE4D6C0049FF82 /* YPreSave.storyboard */; };
		A52136F727D076BF00B98CF7 /* BaseInterceptor.swift in Sources */ = {isa = PBXBuildFile; fileRef = A52136F627D076BF00B98CF7 /* BaseInterceptor.swift */; };
		A521371027D0D89500B98CF7 /* OAuthCredential.swift in Sources */ = {isa = PBXBuildFile; fileRef = A521370F27D0D89500B98CF7 /* OAuthCredential.swift */; };
		A521371227D0DA1400B98CF7 /* OAuthAuthenticator.swift in Sources */ = {isa = PBXBuildFile; fileRef = A521371127D0DA1400B98CF7 /* OAuthAuthenticator.swift */; };
		A521371527D0DFD700B98CF7 /* AuthRouter.swift in Sources */ = {isa = PBXBuildFile; fileRef = A521371427D0DFD700B98CF7 /* AuthRouter.swift */; };
		A521371827D0E05400B98CF7 /* ApiLogger.swift in Sources */ = {isa = PBXBuildFile; fileRef = A521371727D0E05400B98CF7 /* ApiLogger.swift */; };
		A521371A27D0E06000B98CF7 /* ApiClient.swift in Sources */ = {isa = PBXBuildFile; fileRef = A521371927D0E06000B98CF7 /* ApiClient.swift */; };
		A521371E27D0E46B00B98CF7 /* TokenData.swift in Sources */ = {isa = PBXBuildFile; fileRef = A521371D27D0E46B00B98CF7 /* TokenData.swift */; };
		A521372127D0EFB700B98CF7 /* UserDefaultManager.swift in Sources */ = {isa = PBXBuildFile; fileRef = A521372027D0EFB700B98CF7 /* UserDefaultManager.swift */; };
		A521372427D0EFE300B98CF7 /* TokenResponse.swift in Sources */ = {isa = PBXBuildFile; fileRef = A521372327D0EFE300B98CF7 /* TokenResponse.swift */; };
		A521372727D12EA700B98CF7 /* DeleteDiaryResponse.swift in Sources */ = {isa = PBXBuildFile; fileRef = A521372627D12EA600B98CF7 /* DeleteDiaryResponse.swift */; };
		A521372927D12EC800B98CF7 /* DeleteDiaryRequest.swift in Sources */ = {isa = PBXBuildFile; fileRef = A521372827D12EC800B98CF7 /* DeleteDiaryRequest.swift */; };
		A521372B27D12ED300B98CF7 /* DeleteDiaryDataManager.swift in Sources */ = {isa = PBXBuildFile; fileRef = A521372A27D12ED300B98CF7 /* DeleteDiaryDataManager.swift */; };
		A54645D027CCF958008BA823 /* WritingCommentAlertViewController.swift in Sources */ = {isa = PBXBuildFile; fileRef = A54645CF27CCF958008BA823 /* WritingCommentAlertViewController.swift */; };
		A54645D227CCF9FD008BA823 /* WritingComment.storyboard in Resources */ = {isa = PBXBuildFile; fileRef = A54645D127CCF9FD008BA823 /* WritingComment.storyboard */; };
		A5567C8627BD4C98001A4B98 /* ArrivedDiaryViewController.swift in Sources */ = {isa = PBXBuildFile; fileRef = A5567C8527BD4C98001A4B98 /* ArrivedDiaryViewController.swift */; };
		A5567C8827BD4CC0001A4B98 /* ArrivedDiary.storyboard in Resources */ = {isa = PBXBuildFile; fileRef = A5567C8727BD4CC0001A4B98 /* ArrivedDiary.storyboard */; };
		A5567C8A27BD4CD9001A4B98 /* MyDiary.storyboard in Resources */ = {isa = PBXBuildFile; fileRef = A5567C8927BD4CD9001A4B98 /* MyDiary.storyboard */; };
		A5567C8C27BD4CF5001A4B98 /* MyDiaryViewController.swift in Sources */ = {isa = PBXBuildFile; fileRef = A5567C8B27BD4CF4001A4B98 /* MyDiaryViewController.swift */; };
		A5567C8E27BD4D1A001A4B98 /* WritingDiaryViewController.swift in Sources */ = {isa = PBXBuildFile; fileRef = A5567C8D27BD4D1A001A4B98 /* WritingDiaryViewController.swift */; };
		A5567C9027BD4D5B001A4B98 /* WritingDiary.storyboard in Resources */ = {isa = PBXBuildFile; fileRef = A5567C8F27BD4D5B001A4B98 /* WritingDiary.storyboard */; };
		A5567C9227BD4D71001A4B98 /* MyPage.storyboard in Resources */ = {isa = PBXBuildFile; fileRef = A5567C9127BD4D71001A4B98 /* MyPage.storyboard */; };
		A5567C9427BD4D7D001A4B98 /* MyPageViewController.swift in Sources */ = {isa = PBXBuildFile; fileRef = A5567C9327BD4D7D001A4B98 /* MyPageViewController.swift */; };
		A5567C9827BD5353001A4B98 /* AuthNumberViewController.swift in Sources */ = {isa = PBXBuildFile; fileRef = A5567C9727BD5353001A4B98 /* AuthNumberViewController.swift */; };
		A5567C9A27BD53FA001A4B98 /* AuthNumber.storyboard in Resources */ = {isa = PBXBuildFile; fileRef = A5567C9927BD53FA001A4B98 /* AuthNumber.storyboard */; };
		A5567C9C27BD5A3C001A4B98 /* AuthNumberAlertService.swift in Sources */ = {isa = PBXBuildFile; fileRef = A5567C9B27BD5A3C001A4B98 /* AuthNumberAlertService.swift */; };
		A5567C9F27BE9452001A4B98 /* SignUpCompletionViewController.swift in Sources */ = {isa = PBXBuildFile; fileRef = A5567C9E27BE9452001A4B98 /* SignUpCompletionViewController.swift */; };
		A5567CA127BE945E001A4B98 /* SignUpCompletion.storyboard in Resources */ = {isa = PBXBuildFile; fileRef = A5567CA027BE945E001A4B98 /* SignUpCompletion.storyboard */; };
		A5567CA427BEA342001A4B98 /* TodayDiary.storyboard in Resources */ = {isa = PBXBuildFile; fileRef = A5567CA327BEA342001A4B98 /* TodayDiary.storyboard */; };
		A5567CA627BEA350001A4B98 /* TodayDiaryViewController.swift in Sources */ = {isa = PBXBuildFile; fileRef = A5567CA527BEA350001A4B98 /* TodayDiaryViewController.swift */; };
		A564129E27CBCB6800825571 /* WritingDiaryResponse.swift in Sources */ = {isa = PBXBuildFile; fileRef = A564129D27CBCB6800825571 /* WritingDiaryResponse.swift */; };
		A56412A027CBCB9B00825571 /* WritingDiaryRequest.swift in Sources */ = {isa = PBXBuildFile; fileRef = A564129F27CBCB9B00825571 /* WritingDiaryRequest.swift */; };
		A56412A227CBCBFA00825571 /* WritingDiaryDataManager.swift in Sources */ = {isa = PBXBuildFile; fileRef = A56412A127CBCBFA00825571 /* WritingDiaryDataManager.swift */; };
		A56412A527CBDDA300825571 /* ModifyDiaryResponse.swift in Sources */ = {isa = PBXBuildFile; fileRef = A56412A427CBDDA300825571 /* ModifyDiaryResponse.swift */; };
		A56412A727CBDDB400825571 /* ModifyDiaryRequest.swift in Sources */ = {isa = PBXBuildFile; fileRef = A56412A627CBDDB400825571 /* ModifyDiaryRequest.swift */; };
		A56412A927CBDDCC00825571 /* ModifyDiaryDataManager.swift in Sources */ = {isa = PBXBuildFile; fileRef = A56412A827CBDDCC00825571 /* ModifyDiaryDataManager.swift */; };
		A567614927B7E452006FDA7F /* AppDelegate.swift in Sources */ = {isa = PBXBuildFile; fileRef = A567614827B7E452006FDA7F /* AppDelegate.swift */; };
		A567614B27B7E452006FDA7F /* SceneDelegate.swift in Sources */ = {isa = PBXBuildFile; fileRef = A567614A27B7E452006FDA7F /* SceneDelegate.swift */; };
		A567614D27B7E452006FDA7F /* ViewController.swift in Sources */ = {isa = PBXBuildFile; fileRef = A567614C27B7E452006FDA7F /* ViewController.swift */; };
		A567615027B7E452006FDA7F /* Main.storyboard in Resources */ = {isa = PBXBuildFile; fileRef = A567614E27B7E452006FDA7F /* Main.storyboard */; };
		A567615227B7E454006FDA7F /* Assets.xcassets in Resources */ = {isa = PBXBuildFile; fileRef = A567615127B7E454006FDA7F /* Assets.xcassets */; };
		A567615527B7E454006FDA7F /* LaunchScreen.storyboard in Resources */ = {isa = PBXBuildFile; fileRef = A567615327B7E454006FDA7F /* LaunchScreen.storyboard */; };
		A567616027B7E7B0006FDA7F /* Date.swift in Sources */ = {isa = PBXBuildFile; fileRef = A567615F27B7E7B0006FDA7F /* Date.swift */; };
		A567616227B7E7CE006FDA7F /* String.swift in Sources */ = {isa = PBXBuildFile; fileRef = A567616127B7E7CE006FDA7F /* String.swift */; };
		A567616427B7E7E2006FDA7F /* Color.swift in Sources */ = {isa = PBXBuildFile; fileRef = A567616327B7E7E2006FDA7F /* Color.swift */; };
		A567616627B7E809006FDA7F /* UIFont.swift in Sources */ = {isa = PBXBuildFile; fileRef = A567616527B7E809006FDA7F /* UIFont.swift */; };
		A567616827B7E820006FDA7F /* UIButton.swift in Sources */ = {isa = PBXBuildFile; fileRef = A567616727B7E820006FDA7F /* UIButton.swift */; };
		A567616A27B7E83C006FDA7F /* UIViewController.swift in Sources */ = {isa = PBXBuildFile; fileRef = A567616927B7E83C006FDA7F /* UIViewController.swift */; };
		A567616C27B7E890006FDA7F /* UINavigaionBar.swift in Sources */ = {isa = PBXBuildFile; fileRef = A567616B27B7E890006FDA7F /* UINavigaionBar.swift */; };
		A567617027B7E8EA006FDA7F /* KobisKey.swift in Sources */ = {isa = PBXBuildFile; fileRef = A567616F27B7E8EA006FDA7F /* KobisKey.swift */; };
		A567617427B7EA56006FDA7F /* IndicatorView.swift in Sources */ = {isa = PBXBuildFile; fileRef = A567617327B7EA56006FDA7F /* IndicatorView.swift */; };
		A567617B27B7F627006FDA7F /* SplashViewController.swift in Sources */ = {isa = PBXBuildFile; fileRef = A567617A27B7F627006FDA7F /* SplashViewController.swift */; };
		A567617D27B7F640006FDA7F /* Splash.storyboard in Resources */ = {isa = PBXBuildFile; fileRef = A567617C27B7F640006FDA7F /* Splash.storyboard */; };
		A567622527BBB8C9006FDA7F /* Login.storyboard in Resources */ = {isa = PBXBuildFile; fileRef = A567622427BBB8C9006FDA7F /* Login.storyboard */; };
		A567622727BBB8D5006FDA7F /* LoginViewController.swift in Sources */ = {isa = PBXBuildFile; fileRef = A567622627BBB8D5006FDA7F /* LoginViewController.swift */; };
		A567622A27BBC7D3006FDA7F /* SignUpViewController.swift in Sources */ = {isa = PBXBuildFile; fileRef = A567622927BBC7D3006FDA7F /* SignUpViewController.swift */; };
		A567622C27BBC7DC006FDA7F /* SignUp.storyboard in Resources */ = {isa = PBXBuildFile; fileRef = A567622B27BBC7DC006FDA7F /* SignUp.storyboard */; };
		A567622E27BBFBBC006FDA7F /* SignUpPasswordViewModel.swift in Sources */ = {isa = PBXBuildFile; fileRef = A567622D27BBFBBB006FDA7F /* SignUpPasswordViewModel.swift */; };
		A567623127BC2E33006FDA7F /* OnboardingSlide.swift in Sources */ = {isa = PBXBuildFile; fileRef = A567623027BC2E33006FDA7F /* OnboardingSlide.swift */; };
		A567623327BC2F10006FDA7F /* OnboardingCollectionViewCell.swift in Sources */ = {isa = PBXBuildFile; fileRef = A567623227BC2F10006FDA7F /* OnboardingCollectionViewCell.swift */; };
		A56FF78A27C0119D00C740F7 /* CalendarTableViewCell.swift in Sources */ = {isa = PBXBuildFile; fileRef = A56FF78827C0119D00C740F7 /* CalendarTableViewCell.swift */; };
		A56FF78B27C0119D00C740F7 /* CalendarTableViewCell.xib in Resources */ = {isa = PBXBuildFile; fileRef = A56FF78927C0119D00C740F7 /* CalendarTableViewCell.xib */; };
		A56FF78E27C0C21F00C740F7 /* WritingDiaryTableViewCell.swift in Sources */ = {isa = PBXBuildFile; fileRef = A56FF78C27C0C21F00C740F7 /* WritingDiaryTableViewCell.swift */; };
		A56FF78F27C0C21F00C740F7 /* WritingDiaryTableViewCell.xib in Resources */ = {isa = PBXBuildFile; fileRef = A56FF78D27C0C21F00C740F7 /* WritingDiaryTableViewCell.xib */; };
		A56FF79427C0E88000C740F7 /* TodayDiaryBottomViewController.swift in Sources */ = {isa = PBXBuildFile; fileRef = A56FF79327C0E88000C740F7 /* TodayDiaryBottomViewController.swift */; };
		A56FF79627C0E89400C740F7 /* TodayDiaryBottom.storyboard in Resources */ = {isa = PBXBuildFile; fileRef = A56FF79527C0E89400C740F7 /* TodayDiaryBottom.storyboard */; };
		A56FF79B27C16AC100C740F7 /* EmailResponse.swift in Sources */ = {isa = PBXBuildFile; fileRef = A56FF79A27C16AC100C740F7 /* EmailResponse.swift */; };
		A56FF79D27C16ACC00C740F7 /* EmailDataManager.swift in Sources */ = {isa = PBXBuildFile; fileRef = A56FF79C27C16ACC00C740F7 /* EmailDataManager.swift */; };
		A5B6B39C27CE405A0065DDF8 /* DeleteCheckAlertViewController.swift in Sources */ = {isa = PBXBuildFile; fileRef = A5B6B39B27CE405A0065DDF8 /* DeleteCheckAlertViewController.swift */; };
		A5B6B39E27CE40710065DDF8 /* DeleteCheck.storyboard in Resources */ = {isa = PBXBuildFile; fileRef = A5B6B39D27CE40710065DDF8 /* DeleteCheck.storyboard */; };
		A5BF9CDE27C743A70093B900 /* SignUpRequest.swift in Sources */ = {isa = PBXBuildFile; fileRef = A5BF9CDD27C743A70093B900 /* SignUpRequest.swift */; };
		A5BF9CE027C743B10093B900 /* SignUpResponse.swift in Sources */ = {isa = PBXBuildFile; fileRef = A5BF9CDF27C743B10093B900 /* SignUpResponse.swift */; };
		A5BF9CE227C743BC0093B900 /* SignUpDataManager.swift in Sources */ = {isa = PBXBuildFile; fileRef = A5BF9CE127C743BC0093B900 /* SignUpDataManager.swift */; };
		A5BF9CE627C7FA800093B900 /* MyDiaryTableViewCell.swift in Sources */ = {isa = PBXBuildFile; fileRef = A5BF9CE427C7FA800093B900 /* MyDiaryTableViewCell.swift */; };
		A5BF9CE727C7FA800093B900 /* MyDiaryTableViewCell.xib in Resources */ = {isa = PBXBuildFile; fileRef = A5BF9CE527C7FA800093B900 /* MyDiaryTableViewCell.xib */; };
		A5BF9CEA27C8C5880093B900 /* SendDiaryAlertViewController.swift in Sources */ = {isa = PBXBuildFile; fileRef = A5BF9CE927C8C5880093B900 /* SendDiaryAlertViewController.swift */; };
		A5BF9CEC27C8C64C0093B900 /* SendDiaryAlert.storyboard in Resources */ = {isa = PBXBuildFile; fileRef = A5BF9CEB27C8C64C0093B900 /* SendDiaryAlert.storyboard */; };
		A5BF9CEE27C8C6950093B900 /* SendDiaryAlertService.swift in Sources */ = {isa = PBXBuildFile; fileRef = A5BF9CED27C8C6950093B900 /* SendDiaryAlertService.swift */; };
		A5BF9CF127C8FF830093B900 /* NDetailDiaryViewController.swift in Sources */ = {isa = PBXBuildFile; fileRef = A5BF9CF027C8FF830093B900 /* NDetailDiaryViewController.swift */; };
		A5BF9CF327C8FF8E0093B900 /* YDetailDiaryViewController.swift in Sources */ = {isa = PBXBuildFile; fileRef = A5BF9CF227C8FF8E0093B900 /* YDetailDiaryViewController.swift */; };
		A5BF9CF527C8FF980093B900 /* YDetailDiary.storyboard in Resources */ = {isa = PBXBuildFile; fileRef = A5BF9CF427C8FF980093B900 /* YDetailDiary.storyboard */; };
		A5BF9CF727C8FFA00093B900 /* NDetailDiary.storyboard in Resources */ = {isa = PBXBuildFile; fileRef = A5BF9CF627C8FFA00093B900 /* NDetailDiary.storyboard */; };
		A5C1D5B527C271E80046095A /* CheckEmailDataManager.swift in Sources */ = {isa = PBXBuildFile; fileRef = A5C1D5B427C271E80046095A /* CheckEmailDataManager.swift */; };
		A5C1D5B727C271F40046095A /* CheckEmailResponse.swift in Sources */ = {isa = PBXBuildFile; fileRef = A5C1D5B627C271F30046095A /* CheckEmailResponse.swift */; };
		A5C1D5B927C271FE0046095A /* CheckEmailRequest.swift in Sources */ = {isa = PBXBuildFile; fileRef = A5C1D5B827C271FE0046095A /* CheckEmailRequest.swift */; };
		A5C9FB7427C60EE500445012 /* FailFindPasswordViewController.swift in Sources */ = {isa = PBXBuildFile; fileRef = A5C9FB7327C60EE500445012 /* FailFindPasswordViewController.swift */; };
		A5C9FB7627C60EF600445012 /* FailFIndPassword.storyboard in Resources */ = {isa = PBXBuildFile; fileRef = A5C9FB7527C60EF600445012 /* FailFIndPassword.storyboard */; };
		A5C9FB7827C60F3900445012 /* PasswordSentAlertService.swift in Sources */ = {isa = PBXBuildFile; fileRef = A5C9FB7727C60F3900445012 /* PasswordSentAlertService.swift */; };
		A5C9FB7B27C6205400445012 /* CommentReportViewController.swift in Sources */ = {isa = PBXBuildFile; fileRef = A5C9FB7A27C6205400445012 /* CommentReportViewController.swift */; };
		A5C9FB7D27C625DD00445012 /* CommentReportAlertService.swift in Sources */ = {isa = PBXBuildFile; fileRef = A5C9FB7C27C625DD00445012 /* CommentReportAlertService.swift */; };
		A5C9FB7F27C6263500445012 /* CommentReportAlert.storyboard in Resources */ = {isa = PBXBuildFile; fileRef = A5C9FB7E27C6263500445012 /* CommentReportAlert.storyboard */; };
		A5CBCBFC27CA96AA00BE857D /* SuccessFindPasswordViewController.swift in Sources */ = {isa = PBXBuildFile; fileRef = A5CBCBFB27CA96AA00BE857D /* SuccessFindPasswordViewController.swift */; };
		A5CBCBFE27CA996D00BE857D /* SuccessPasswordSentAlertService.swift in Sources */ = {isa = PBXBuildFile; fileRef = A5CBCBFD27CA996D00BE857D /* SuccessPasswordSentAlertService.swift */; };
		A5CBCC0027CA99FF00BE857D /* SuccessFindPassword.storyboard in Resources */ = {isa = PBXBuildFile; fileRef = A5CBCBFF27CA99FF00BE857D /* SuccessFindPassword.storyboard */; };
		A5CCD18427C34BA30096281F /* LoginDataManager.swift in Sources */ = {isa = PBXBuildFile; fileRef = A5CCD18327C34BA30096281F /* LoginDataManager.swift */; };
		A5CCD18627C34BAE0096281F /* LoginResponse.swift in Sources */ = {isa = PBXBuildFile; fileRef = A5CCD18527C34BAE0096281F /* LoginResponse.swift */; };
		A5CCD18827C34BB70096281F /* LoginRequest.swift in Sources */ = {isa = PBXBuildFile; fileRef = A5CCD18727C34BB70096281F /* LoginRequest.swift */; };
		A5CCD18A27C3DC4F0096281F /* CalendarTimeZoneCustom.swift in Sources */ = {isa = PBXBuildFile; fileRef = A5CCD18927C3DC4F0096281F /* CalendarTimeZoneCustom.swift */; };
		A5CCD18D27C4CD660096281F /* PasswordSearchViewController.swift in Sources */ = {isa = PBXBuildFile; fileRef = A5CCD18C27C4CD660096281F /* PasswordSearchViewController.swift */; };
		A5CCD19127C4CDF00096281F /* PasswordSearch.storyboard in Resources */ = {isa = PBXBuildFile; fileRef = A5CCD19027C4CDF00096281F /* PasswordSearch.storyboard */; };
		A5CCD19427C4E4060096281F /* SearchPasswordDataManager.swift in Sources */ = {isa = PBXBuildFile; fileRef = A5CCD19327C4E4060096281F /* SearchPasswordDataManager.swift */; };
		A5CCD19627C4E4110096281F /* SearchPasswordResponse.swift in Sources */ = {isa = PBXBuildFile; fileRef = A5CCD19527C4E4110096281F /* SearchPasswordResponse.swift */; };
/* End PBXBuildFile section */

/* Begin PBXFileReference section */
		257620E5E0C6E68F06987348 /* Pods_CommentDiary.framework */ = {isa = PBXFileReference; explicitFileType = wrapper.framework; includeInIndex = 0; path = Pods_CommentDiary.framework; sourceTree = BUILT_PRODUCTS_DIR; };
		A503FF7527CE4D090049FF82 /* NSave.storyboard */ = {isa = PBXFileReference; lastKnownFileType = file.storyboard; path = NSave.storyboard; sourceTree = "<group>"; };
		A503FF7727CE4D170049FF82 /* NSaveViewController.swift */ = {isa = PBXFileReference; lastKnownFileType = sourcecode.swift; path = NSaveViewController.swift; sourceTree = "<group>"; };
		A503FF7927CE4D630049FF82 /* YPreSaveViewController.swift */ = {isa = PBXFileReference; lastKnownFileType = sourcecode.swift; path = YPreSaveViewController.swift; sourceTree = "<group>"; };
		A503FF7B27CE4D6C0049FF82 /* YPreSave.storyboard */ = {isa = PBXFileReference; lastKnownFileType = file.storyboard; path = YPreSave.storyboard; sourceTree = "<group>"; };
		A52136F627D076BF00B98CF7 /* BaseInterceptor.swift */ = {isa = PBXFileReference; lastKnownFileType = sourcecode.swift; path = BaseInterceptor.swift; sourceTree = "<group>"; };
		A521370F27D0D89500B98CF7 /* OAuthCredential.swift */ = {isa = PBXFileReference; lastKnownFileType = sourcecode.swift; path = OAuthCredential.swift; sourceTree = "<group>"; };
		A521371127D0DA1400B98CF7 /* OAuthAuthenticator.swift */ = {isa = PBXFileReference; lastKnownFileType = sourcecode.swift; path = OAuthAuthenticator.swift; sourceTree = "<group>"; };
		A521371427D0DFD700B98CF7 /* AuthRouter.swift */ = {isa = PBXFileReference; lastKnownFileType = sourcecode.swift; path = AuthRouter.swift; sourceTree = "<group>"; };
		A521371727D0E05400B98CF7 /* ApiLogger.swift */ = {isa = PBXFileReference; lastKnownFileType = sourcecode.swift; path = ApiLogger.swift; sourceTree = "<group>"; };
		A521371927D0E06000B98CF7 /* ApiClient.swift */ = {isa = PBXFileReference; lastKnownFileType = sourcecode.swift; path = ApiClient.swift; sourceTree = "<group>"; };
		A521371D27D0E46B00B98CF7 /* TokenData.swift */ = {isa = PBXFileReference; lastKnownFileType = sourcecode.swift; path = TokenData.swift; sourceTree = "<group>"; };
		A521372027D0EFB700B98CF7 /* UserDefaultManager.swift */ = {isa = PBXFileReference; lastKnownFileType = sourcecode.swift; path = UserDefaultManager.swift; sourceTree = "<group>"; };
		A521372327D0EFE300B98CF7 /* TokenResponse.swift */ = {isa = PBXFileReference; lastKnownFileType = sourcecode.swift; path = TokenResponse.swift; sourceTree = "<group>"; };
		A521372627D12EA600B98CF7 /* DeleteDiaryResponse.swift */ = {isa = PBXFileReference; lastKnownFileType = sourcecode.swift; path = DeleteDiaryResponse.swift; sourceTree = "<group>"; };
		A521372827D12EC800B98CF7 /* DeleteDiaryRequest.swift */ = {isa = PBXFileReference; lastKnownFileType = sourcecode.swift; path = DeleteDiaryRequest.swift; sourceTree = "<group>"; };
		A521372A27D12ED300B98CF7 /* DeleteDiaryDataManager.swift */ = {isa = PBXFileReference; lastKnownFileType = sourcecode.swift; path = DeleteDiaryDataManager.swift; sourceTree = "<group>"; };
		A54645CF27CCF958008BA823 /* WritingCommentAlertViewController.swift */ = {isa = PBXFileReference; lastKnownFileType = sourcecode.swift; path = WritingCommentAlertViewController.swift; sourceTree = "<group>"; };
		A54645D127CCF9FD008BA823 /* WritingComment.storyboard */ = {isa = PBXFileReference; lastKnownFileType = file.storyboard; path = WritingComment.storyboard; sourceTree = "<group>"; };
		A5567C8527BD4C98001A4B98 /* ArrivedDiaryViewController.swift */ = {isa = PBXFileReference; lastKnownFileType = sourcecode.swift; path = ArrivedDiaryViewController.swift; sourceTree = "<group>"; };
		A5567C8727BD4CC0001A4B98 /* ArrivedDiary.storyboard */ = {isa = PBXFileReference; lastKnownFileType = file.storyboard; path = ArrivedDiary.storyboard; sourceTree = "<group>"; };
		A5567C8927BD4CD9001A4B98 /* MyDiary.storyboard */ = {isa = PBXFileReference; lastKnownFileType = file.storyboard; path = MyDiary.storyboard; sourceTree = "<group>"; };
		A5567C8B27BD4CF4001A4B98 /* MyDiaryViewController.swift */ = {isa = PBXFileReference; lastKnownFileType = sourcecode.swift; path = MyDiaryViewController.swift; sourceTree = "<group>"; };
		A5567C8D27BD4D1A001A4B98 /* WritingDiaryViewController.swift */ = {isa = PBXFileReference; lastKnownFileType = sourcecode.swift; path = WritingDiaryViewController.swift; sourceTree = "<group>"; };
		A5567C8F27BD4D5B001A4B98 /* WritingDiary.storyboard */ = {isa = PBXFileReference; lastKnownFileType = file.storyboard; path = WritingDiary.storyboard; sourceTree = "<group>"; };
		A5567C9127BD4D71001A4B98 /* MyPage.storyboard */ = {isa = PBXFileReference; lastKnownFileType = file.storyboard; path = MyPage.storyboard; sourceTree = "<group>"; };
		A5567C9327BD4D7D001A4B98 /* MyPageViewController.swift */ = {isa = PBXFileReference; lastKnownFileType = sourcecode.swift; path = MyPageViewController.swift; sourceTree = "<group>"; };
		A5567C9727BD5353001A4B98 /* AuthNumberViewController.swift */ = {isa = PBXFileReference; lastKnownFileType = sourcecode.swift; path = AuthNumberViewController.swift; sourceTree = "<group>"; };
		A5567C9927BD53FA001A4B98 /* AuthNumber.storyboard */ = {isa = PBXFileReference; lastKnownFileType = file.storyboard; path = AuthNumber.storyboard; sourceTree = "<group>"; };
		A5567C9B27BD5A3C001A4B98 /* AuthNumberAlertService.swift */ = {isa = PBXFileReference; lastKnownFileType = sourcecode.swift; path = AuthNumberAlertService.swift; sourceTree = "<group>"; };
		A5567C9E27BE9452001A4B98 /* SignUpCompletionViewController.swift */ = {isa = PBXFileReference; lastKnownFileType = sourcecode.swift; path = SignUpCompletionViewController.swift; sourceTree = "<group>"; };
		A5567CA027BE945E001A4B98 /* SignUpCompletion.storyboard */ = {isa = PBXFileReference; lastKnownFileType = file.storyboard; path = SignUpCompletion.storyboard; sourceTree = "<group>"; };
		A5567CA327BEA342001A4B98 /* TodayDiary.storyboard */ = {isa = PBXFileReference; lastKnownFileType = file.storyboard; path = TodayDiary.storyboard; sourceTree = "<group>"; };
		A5567CA527BEA350001A4B98 /* TodayDiaryViewController.swift */ = {isa = PBXFileReference; lastKnownFileType = sourcecode.swift; path = TodayDiaryViewController.swift; sourceTree = "<group>"; };
		A564129D27CBCB6800825571 /* WritingDiaryResponse.swift */ = {isa = PBXFileReference; lastKnownFileType = sourcecode.swift; path = WritingDiaryResponse.swift; sourceTree = "<group>"; };
		A564129F27CBCB9B00825571 /* WritingDiaryRequest.swift */ = {isa = PBXFileReference; lastKnownFileType = sourcecode.swift; path = WritingDiaryRequest.swift; sourceTree = "<group>"; };
		A56412A127CBCBFA00825571 /* WritingDiaryDataManager.swift */ = {isa = PBXFileReference; lastKnownFileType = sourcecode.swift; path = WritingDiaryDataManager.swift; sourceTree = "<group>"; };
		A56412A427CBDDA300825571 /* ModifyDiaryResponse.swift */ = {isa = PBXFileReference; lastKnownFileType = sourcecode.swift; path = ModifyDiaryResponse.swift; sourceTree = "<group>"; };
		A56412A627CBDDB400825571 /* ModifyDiaryRequest.swift */ = {isa = PBXFileReference; lastKnownFileType = sourcecode.swift; path = ModifyDiaryRequest.swift; sourceTree = "<group>"; };
		A56412A827CBDDCC00825571 /* ModifyDiaryDataManager.swift */ = {isa = PBXFileReference; lastKnownFileType = sourcecode.swift; path = ModifyDiaryDataManager.swift; sourceTree = "<group>"; };
		A567614527B7E452006FDA7F /* CommentDiary.app */ = {isa = PBXFileReference; explicitFileType = wrapper.application; includeInIndex = 0; path = CommentDiary.app; sourceTree = BUILT_PRODUCTS_DIR; };
		A567614827B7E452006FDA7F /* AppDelegate.swift */ = {isa = PBXFileReference; lastKnownFileType = sourcecode.swift; path = AppDelegate.swift; sourceTree = "<group>"; };
		A567614A27B7E452006FDA7F /* SceneDelegate.swift */ = {isa = PBXFileReference; lastKnownFileType = sourcecode.swift; path = SceneDelegate.swift; sourceTree = "<group>"; };
		A567614C27B7E452006FDA7F /* ViewController.swift */ = {isa = PBXFileReference; lastKnownFileType = sourcecode.swift; path = ViewController.swift; sourceTree = "<group>"; };
		A567614F27B7E452006FDA7F /* Base */ = {isa = PBXFileReference; lastKnownFileType = file.storyboard; name = Base; path = Base.lproj/Main.storyboard; sourceTree = "<group>"; };
		A567615127B7E454006FDA7F /* Assets.xcassets */ = {isa = PBXFileReference; lastKnownFileType = folder.assetcatalog; path = Assets.xcassets; sourceTree = "<group>"; };
		A567615427B7E454006FDA7F /* Base */ = {isa = PBXFileReference; lastKnownFileType = file.storyboard; name = Base; path = Base.lproj/LaunchScreen.storyboard; sourceTree = "<group>"; };
		A567615627B7E454006FDA7F /* Info.plist */ = {isa = PBXFileReference; lastKnownFileType = text.plist.xml; path = Info.plist; sourceTree = "<group>"; };
		A567615F27B7E7B0006FDA7F /* Date.swift */ = {isa = PBXFileReference; lastKnownFileType = sourcecode.swift; path = Date.swift; sourceTree = "<group>"; };
		A567616127B7E7CE006FDA7F /* String.swift */ = {isa = PBXFileReference; lastKnownFileType = sourcecode.swift; path = String.swift; sourceTree = "<group>"; };
		A567616327B7E7E2006FDA7F /* Color.swift */ = {isa = PBXFileReference; lastKnownFileType = sourcecode.swift; path = Color.swift; sourceTree = "<group>"; };
		A567616527B7E809006FDA7F /* UIFont.swift */ = {isa = PBXFileReference; lastKnownFileType = sourcecode.swift; path = UIFont.swift; sourceTree = "<group>"; };
		A567616727B7E820006FDA7F /* UIButton.swift */ = {isa = PBXFileReference; lastKnownFileType = sourcecode.swift; path = UIButton.swift; sourceTree = "<group>"; };
		A567616927B7E83C006FDA7F /* UIViewController.swift */ = {isa = PBXFileReference; lastKnownFileType = sourcecode.swift; path = UIViewController.swift; sourceTree = "<group>"; };
		A567616B27B7E890006FDA7F /* UINavigaionBar.swift */ = {isa = PBXFileReference; lastKnownFileType = sourcecode.swift; path = UINavigaionBar.swift; sourceTree = "<group>"; };
		A567616F27B7E8EA006FDA7F /* KobisKey.swift */ = {isa = PBXFileReference; lastKnownFileType = sourcecode.swift; path = KobisKey.swift; sourceTree = "<group>"; };
		A567617327B7EA56006FDA7F /* IndicatorView.swift */ = {isa = PBXFileReference; lastKnownFileType = sourcecode.swift; path = IndicatorView.swift; sourceTree = "<group>"; };
		A567617A27B7F627006FDA7F /* SplashViewController.swift */ = {isa = PBXFileReference; lastKnownFileType = sourcecode.swift; path = SplashViewController.swift; sourceTree = "<group>"; };
		A567617C27B7F640006FDA7F /* Splash.storyboard */ = {isa = PBXFileReference; lastKnownFileType = file.storyboard; path = Splash.storyboard; sourceTree = "<group>"; };
		A567622427BBB8C9006FDA7F /* Login.storyboard */ = {isa = PBXFileReference; lastKnownFileType = file.storyboard; path = Login.storyboard; sourceTree = "<group>"; };
		A567622627BBB8D5006FDA7F /* LoginViewController.swift */ = {isa = PBXFileReference; lastKnownFileType = sourcecode.swift; path = LoginViewController.swift; sourceTree = "<group>"; };
		A567622927BBC7D3006FDA7F /* SignUpViewController.swift */ = {isa = PBXFileReference; lastKnownFileType = sourcecode.swift; path = SignUpViewController.swift; sourceTree = "<group>"; };
		A567622B27BBC7DC006FDA7F /* SignUp.storyboard */ = {isa = PBXFileReference; lastKnownFileType = file.storyboard; path = SignUp.storyboard; sourceTree = "<group>"; };
		A567622D27BBFBBB006FDA7F /* SignUpPasswordViewModel.swift */ = {isa = PBXFileReference; lastKnownFileType = sourcecode.swift; path = SignUpPasswordViewModel.swift; sourceTree = "<group>"; };
		A567623027BC2E33006FDA7F /* OnboardingSlide.swift */ = {isa = PBXFileReference; lastKnownFileType = sourcecode.swift; path = OnboardingSlide.swift; sourceTree = "<group>"; };
		A567623227BC2F10006FDA7F /* OnboardingCollectionViewCell.swift */ = {isa = PBXFileReference; lastKnownFileType = sourcecode.swift; path = OnboardingCollectionViewCell.swift; sourceTree = "<group>"; };
		A56FF78827C0119D00C740F7 /* CalendarTableViewCell.swift */ = {isa = PBXFileReference; lastKnownFileType = sourcecode.swift; path = CalendarTableViewCell.swift; sourceTree = "<group>"; };
		A56FF78927C0119D00C740F7 /* CalendarTableViewCell.xib */ = {isa = PBXFileReference; lastKnownFileType = file.xib; path = CalendarTableViewCell.xib; sourceTree = "<group>"; };
		A56FF78C27C0C21F00C740F7 /* WritingDiaryTableViewCell.swift */ = {isa = PBXFileReference; lastKnownFileType = sourcecode.swift; path = WritingDiaryTableViewCell.swift; sourceTree = "<group>"; };
		A56FF78D27C0C21F00C740F7 /* WritingDiaryTableViewCell.xib */ = {isa = PBXFileReference; lastKnownFileType = file.xib; path = WritingDiaryTableViewCell.xib; sourceTree = "<group>"; };
		A56FF79327C0E88000C740F7 /* TodayDiaryBottomViewController.swift */ = {isa = PBXFileReference; lastKnownFileType = sourcecode.swift; path = TodayDiaryBottomViewController.swift; sourceTree = "<group>"; };
		A56FF79527C0E89400C740F7 /* TodayDiaryBottom.storyboard */ = {isa = PBXFileReference; lastKnownFileType = file.storyboard; path = TodayDiaryBottom.storyboard; sourceTree = "<group>"; };
		A56FF79A27C16AC100C740F7 /* EmailResponse.swift */ = {isa = PBXFileReference; lastKnownFileType = sourcecode.swift; path = EmailResponse.swift; sourceTree = "<group>"; };
		A56FF79C27C16ACC00C740F7 /* EmailDataManager.swift */ = {isa = PBXFileReference; lastKnownFileType = sourcecode.swift; path = EmailDataManager.swift; sourceTree = "<group>"; };
		A5B6B39B27CE405A0065DDF8 /* DeleteCheckAlertViewController.swift */ = {isa = PBXFileReference; lastKnownFileType = sourcecode.swift; path = DeleteCheckAlertViewController.swift; sourceTree = "<group>"; };
		A5B6B39D27CE40710065DDF8 /* DeleteCheck.storyboard */ = {isa = PBXFileReference; lastKnownFileType = file.storyboard; path = DeleteCheck.storyboard; sourceTree = "<group>"; };
		A5BF9CDD27C743A70093B900 /* SignUpRequest.swift */ = {isa = PBXFileReference; lastKnownFileType = sourcecode.swift; path = SignUpRequest.swift; sourceTree = "<group>"; };
		A5BF9CDF27C743B10093B900 /* SignUpResponse.swift */ = {isa = PBXFileReference; lastKnownFileType = sourcecode.swift; path = SignUpResponse.swift; sourceTree = "<group>"; };
		A5BF9CE127C743BC0093B900 /* SignUpDataManager.swift */ = {isa = PBXFileReference; lastKnownFileType = sourcecode.swift; path = SignUpDataManager.swift; sourceTree = "<group>"; };
		A5BF9CE427C7FA800093B900 /* MyDiaryTableViewCell.swift */ = {isa = PBXFileReference; lastKnownFileType = sourcecode.swift; path = MyDiaryTableViewCell.swift; sourceTree = "<group>"; };
		A5BF9CE527C7FA800093B900 /* MyDiaryTableViewCell.xib */ = {isa = PBXFileReference; lastKnownFileType = file.xib; path = MyDiaryTableViewCell.xib; sourceTree = "<group>"; };
		A5BF9CE927C8C5880093B900 /* SendDiaryAlertViewController.swift */ = {isa = PBXFileReference; lastKnownFileType = sourcecode.swift; path = SendDiaryAlertViewController.swift; sourceTree = "<group>"; };
		A5BF9CEB27C8C64C0093B900 /* SendDiaryAlert.storyboard */ = {isa = PBXFileReference; lastKnownFileType = file.storyboard; path = SendDiaryAlert.storyboard; sourceTree = "<group>"; };
		A5BF9CED27C8C6950093B900 /* SendDiaryAlertService.swift */ = {isa = PBXFileReference; lastKnownFileType = sourcecode.swift; path = SendDiaryAlertService.swift; sourceTree = "<group>"; };
		A5BF9CF027C8FF830093B900 /* NDetailDiaryViewController.swift */ = {isa = PBXFileReference; lastKnownFileType = sourcecode.swift; path = NDetailDiaryViewController.swift; sourceTree = "<group>"; };
		A5BF9CF227C8FF8E0093B900 /* YDetailDiaryViewController.swift */ = {isa = PBXFileReference; lastKnownFileType = sourcecode.swift; path = YDetailDiaryViewController.swift; sourceTree = "<group>"; };
		A5BF9CF427C8FF980093B900 /* YDetailDiary.storyboard */ = {isa = PBXFileReference; lastKnownFileType = file.storyboard; path = YDetailDiary.storyboard; sourceTree = "<group>"; };
		A5BF9CF627C8FFA00093B900 /* NDetailDiary.storyboard */ = {isa = PBXFileReference; lastKnownFileType = file.storyboard; path = NDetailDiary.storyboard; sourceTree = "<group>"; };
		A5C1D5B427C271E80046095A /* CheckEmailDataManager.swift */ = {isa = PBXFileReference; lastKnownFileType = sourcecode.swift; path = CheckEmailDataManager.swift; sourceTree = "<group>"; };
		A5C1D5B627C271F30046095A /* CheckEmailResponse.swift */ = {isa = PBXFileReference; lastKnownFileType = sourcecode.swift; path = CheckEmailResponse.swift; sourceTree = "<group>"; };
		A5C1D5B827C271FE0046095A /* CheckEmailRequest.swift */ = {isa = PBXFileReference; lastKnownFileType = sourcecode.swift; path = CheckEmailRequest.swift; sourceTree = "<group>"; };
		A5C9FB7327C60EE500445012 /* FailFindPasswordViewController.swift */ = {isa = PBXFileReference; lastKnownFileType = sourcecode.swift; path = FailFindPasswordViewController.swift; sourceTree = "<group>"; };
		A5C9FB7527C60EF600445012 /* FailFIndPassword.storyboard */ = {isa = PBXFileReference; lastKnownFileType = file.storyboard; path = FailFIndPassword.storyboard; sourceTree = "<group>"; };
		A5C9FB7727C60F3900445012 /* PasswordSentAlertService.swift */ = {isa = PBXFileReference; lastKnownFileType = sourcecode.swift; path = PasswordSentAlertService.swift; sourceTree = "<group>"; };
		A5C9FB7A27C6205400445012 /* CommentReportViewController.swift */ = {isa = PBXFileReference; lastKnownFileType = sourcecode.swift; path = CommentReportViewController.swift; sourceTree = "<group>"; };
		A5C9FB7C27C625DD00445012 /* CommentReportAlertService.swift */ = {isa = PBXFileReference; lastKnownFileType = sourcecode.swift; path = CommentReportAlertService.swift; sourceTree = "<group>"; };
		A5C9FB7E27C6263500445012 /* CommentReportAlert.storyboard */ = {isa = PBXFileReference; lastKnownFileType = file.storyboard; path = CommentReportAlert.storyboard; sourceTree = "<group>"; };
		A5CBCBFB27CA96AA00BE857D /* SuccessFindPasswordViewController.swift */ = {isa = PBXFileReference; lastKnownFileType = sourcecode.swift; path = SuccessFindPasswordViewController.swift; sourceTree = "<group>"; };
		A5CBCBFD27CA996D00BE857D /* SuccessPasswordSentAlertService.swift */ = {isa = PBXFileReference; lastKnownFileType = sourcecode.swift; path = SuccessPasswordSentAlertService.swift; sourceTree = "<group>"; };
		A5CBCBFF27CA99FF00BE857D /* SuccessFindPassword.storyboard */ = {isa = PBXFileReference; lastKnownFileType = file.storyboard; path = SuccessFindPassword.storyboard; sourceTree = "<group>"; };
		A5CCD18327C34BA30096281F /* LoginDataManager.swift */ = {isa = PBXFileReference; lastKnownFileType = sourcecode.swift; path = LoginDataManager.swift; sourceTree = "<group>"; };
		A5CCD18527C34BAE0096281F /* LoginResponse.swift */ = {isa = PBXFileReference; lastKnownFileType = sourcecode.swift; path = LoginResponse.swift; sourceTree = "<group>"; };
		A5CCD18727C34BB70096281F /* LoginRequest.swift */ = {isa = PBXFileReference; lastKnownFileType = sourcecode.swift; path = LoginRequest.swift; sourceTree = "<group>"; };
		A5CCD18927C3DC4F0096281F /* CalendarTimeZoneCustom.swift */ = {isa = PBXFileReference; lastKnownFileType = sourcecode.swift; path = CalendarTimeZoneCustom.swift; sourceTree = "<group>"; };
		A5CCD18C27C4CD660096281F /* PasswordSearchViewController.swift */ = {isa = PBXFileReference; lastKnownFileType = sourcecode.swift; path = PasswordSearchViewController.swift; sourceTree = "<group>"; };
		A5CCD19027C4CDF00096281F /* PasswordSearch.storyboard */ = {isa = PBXFileReference; lastKnownFileType = file.storyboard; path = PasswordSearch.storyboard; sourceTree = "<group>"; };
		A5CCD19327C4E4060096281F /* SearchPasswordDataManager.swift */ = {isa = PBXFileReference; lastKnownFileType = sourcecode.swift; path = SearchPasswordDataManager.swift; sourceTree = "<group>"; };
		A5CCD19527C4E4110096281F /* SearchPasswordResponse.swift */ = {isa = PBXFileReference; lastKnownFileType = sourcecode.swift; path = SearchPasswordResponse.swift; sourceTree = "<group>"; };
		E3C33BD30605D7DB387967A7 /* Pods-CommentDiary.release.xcconfig */ = {isa = PBXFileReference; includeInIndex = 1; lastKnownFileType = text.xcconfig; name = "Pods-CommentDiary.release.xcconfig"; path = "Target Support Files/Pods-CommentDiary/Pods-CommentDiary.release.xcconfig"; sourceTree = "<group>"; };
		F7CFBFB7F6DD1F7AD2C2DF30 /* Pods-CommentDiary.debug.xcconfig */ = {isa = PBXFileReference; includeInIndex = 1; lastKnownFileType = text.xcconfig; name = "Pods-CommentDiary.debug.xcconfig"; path = "Target Support Files/Pods-CommentDiary/Pods-CommentDiary.debug.xcconfig"; sourceTree = "<group>"; };
/* End PBXFileReference section */

/* Begin PBXFrameworksBuildPhase section */
		A567614227B7E452006FDA7F /* Frameworks */ = {
			isa = PBXFrameworksBuildPhase;
			buildActionMask = 2147483647;
			files = (
				72348980A73ACA4D0557B56A /* Pods_CommentDiary.framework in Frameworks */,
			);
			runOnlyForDeploymentPostprocessing = 0;
		};
/* End PBXFrameworksBuildPhase section */

/* Begin PBXGroup section */
		082A63FC017F825CE36E1BDB /* Frameworks */ = {
			isa = PBXGroup;
			children = (
				257620E5E0C6E68F06987348 /* Pods_CommentDiary.framework */,
			);
			name = Frameworks;
			sourceTree = "<group>";
		};
		51669D4E9E08DA3E6E59DBC9 /* Pods */ = {
			isa = PBXGroup;
			children = (
				F7CFBFB7F6DD1F7AD2C2DF30 /* Pods-CommentDiary.debug.xcconfig */,
				E3C33BD30605D7DB387967A7 /* Pods-CommentDiary.release.xcconfig */,
			);
			path = Pods;
			sourceTree = "<group>";
		};
		A503FF7327CE4C090049FF82 /* NSave */ = {
			isa = PBXGroup;
			children = (
				A503FF7527CE4D090049FF82 /* NSave.storyboard */,
				A503FF7727CE4D170049FF82 /* NSaveViewController.swift */,
			);
			path = NSave;
			sourceTree = "<group>";
		};
		A503FF7427CE4CBB0049FF82 /* YPreSave */ = {
			isa = PBXGroup;
			children = (
				A503FF7927CE4D630049FF82 /* YPreSaveViewController.swift */,
				A503FF7B27CE4D6C0049FF82 /* YPreSave.storyboard */,
			);
			path = YPreSave;
			sourceTree = "<group>";
		};
		A52136F327D075E400B98CF7 /* Interceptor */ = {
			isa = PBXGroup;
			children = (
				A52136F627D076BF00B98CF7 /* BaseInterceptor.swift */,
			);
			path = Interceptor;
			sourceTree = "<group>";
		};
		A521370E27D0D87E00B98CF7 /* OAuth */ = {
			isa = PBXGroup;
			children = (
				A521370F27D0D89500B98CF7 /* OAuthCredential.swift */,
				A521371127D0DA1400B98CF7 /* OAuthAuthenticator.swift */,
			);
			path = OAuth;
			sourceTree = "<group>";
		};
		A521371327D0DFB700B98CF7 /* AuthRouter */ = {
			isa = PBXGroup;
			children = (
				A521371427D0DFD700B98CF7 /* AuthRouter.swift */,
			);
			path = AuthRouter;
			sourceTree = "<group>";
		};
		A521371627D0E03900B98CF7 /* APIs */ = {
			isa = PBXGroup;
			children = (
				A521371727D0E05400B98CF7 /* ApiLogger.swift */,
				A521371927D0E06000B98CF7 /* ApiClient.swift */,
			);
			path = APIs;
			sourceTree = "<group>";
		};
		A521371C27D0E45D00B98CF7 /* TokenData */ = {
			isa = PBXGroup;
			children = (
				A521371D27D0E46B00B98CF7 /* TokenData.swift */,
			);
			path = TokenData;
			sourceTree = "<group>";
		};
		A521371F27D0EFA700B98CF7 /* New Group1 */ = {
			isa = PBXGroup;
			children = (
				A521372027D0EFB700B98CF7 /* UserDefaultManager.swift */,
			);
			path = "New Group1";
			sourceTree = "<group>";
		};
		A521372227D0EFD600B98CF7 /* TokenResponse */ = {
			isa = PBXGroup;
			children = (
				A521372327D0EFE300B98CF7 /* TokenResponse.swift */,
			);
			path = TokenResponse;
			sourceTree = "<group>";
		};
		A521372527D12E8100B98CF7 /* DeleteDiary */ = {
			isa = PBXGroup;
			children = (
				A521372627D12EA600B98CF7 /* DeleteDiaryResponse.swift */,
				A521372827D12EC800B98CF7 /* DeleteDiaryRequest.swift */,
				A521372A27D12ED300B98CF7 /* DeleteDiaryDataManager.swift */,
			);
			path = DeleteDiary;
			sourceTree = "<group>";
		};
		A54645CE27CCF922008BA823 /* WritingCommentAlert */ = {
			isa = PBXGroup;
			children = (
				A54645CF27CCF958008BA823 /* WritingCommentAlertViewController.swift */,
				A54645D127CCF9FD008BA823 /* WritingComment.storyboard */,
			);
			path = WritingCommentAlert;
			sourceTree = "<group>";
		};
		A5567C8127BD4C0C001A4B98 /* MyPageTab */ = {
			isa = PBXGroup;
			children = (
				A5567C9127BD4D71001A4B98 /* MyPage.storyboard */,
				A5567C9327BD4D7D001A4B98 /* MyPageViewController.swift */,
			);
			path = MyPageTab;
			sourceTree = "<group>";
		};
		A5567C8227BD4C0F001A4B98 /* WritingDiaryTab */ = {
			isa = PBXGroup;
			children = (
				A503FF7427CE4CBB0049FF82 /* YPreSave */,
				A503FF7327CE4C090049FF82 /* NSave */,
				A56FF78327C00F7700C740F7 /* WritingDiaryCell */,
				A5567C8D27BD4D1A001A4B98 /* WritingDiaryViewController.swift */,
				A5567C8F27BD4D5B001A4B98 /* WritingDiary.storyboard */,
			);
			path = WritingDiaryTab;
			sourceTree = "<group>";
		};
		A5567C8327BD4C13001A4B98 /* MyDiaryTab */ = {
			isa = PBXGroup;
			children = (
				A5BF9CEF27C8FEDF0093B900 /* DetailDIary */,
				A5BF9CE327C7FA5E0093B900 /* MyDiaryCell */,
				A5567C8927BD4CD9001A4B98 /* MyDiary.storyboard */,
				A5567C8B27BD4CF4001A4B98 /* MyDiaryViewController.swift */,
			);
			path = MyDiaryTab;
			sourceTree = "<group>";
		};
		A5567C8427BD4C16001A4B98 /* ArrivedDiaryTab */ = {
			isa = PBXGroup;
			children = (
				A5567C8527BD4C98001A4B98 /* ArrivedDiaryViewController.swift */,
				A5567C8727BD4CC0001A4B98 /* ArrivedDiary.storyboard */,
			);
			path = ArrivedDiaryTab;
			sourceTree = "<group>";
		};
		A5567C9527BD52F0001A4B98 /* Alerts */ = {
			isa = PBXGroup;
			children = (
				A5B6B39A27CE3F6C0065DDF8 /* DeleteCheckAlert */,
				A54645CE27CCF922008BA823 /* WritingCommentAlert */,
				A5BF9CE827C8C56C0093B900 /* SendDiaryAlert */,
				A5C9FB7927C6201000445012 /* CommentReport */,
				A5C9FB7227C60EC100445012 /* PasswordSent */,
				A5567C9627BD5306001A4B98 /* SigninAlert */,
			);
			path = Alerts;
			sourceTree = "<group>";
		};
		A5567C9627BD5306001A4B98 /* SigninAlert */ = {
			isa = PBXGroup;
			children = (
				A5567C9727BD5353001A4B98 /* AuthNumberViewController.swift */,
				A5567C9927BD53FA001A4B98 /* AuthNumber.storyboard */,
				A5567C9B27BD5A3C001A4B98 /* AuthNumberAlertService.swift */,
			);
			path = SigninAlert;
			sourceTree = "<group>";
		};
		A5567C9D27BE9432001A4B98 /* SignUpCompletion */ = {
			isa = PBXGroup;
			children = (
				A5567C9E27BE9452001A4B98 /* SignUpCompletionViewController.swift */,
				A5567CA027BE945E001A4B98 /* SignUpCompletion.storyboard */,
			);
			path = SignUpCompletion;
			sourceTree = "<group>";
		};
		A5567CA227BEA330001A4B98 /* TodayDiary */ = {
			isa = PBXGroup;
			children = (
				A56FF79027C0E84700C740F7 /* TodayDiaryBottomSheet */,
				A5567CA327BEA342001A4B98 /* TodayDiary.storyboard */,
				A5567CA527BEA350001A4B98 /* TodayDiaryViewController.swift */,
			);
			path = TodayDiary;
			sourceTree = "<group>";
		};
		A564129C27CBCB0500825571 /* WritingDiaryAPI */ = {
			isa = PBXGroup;
			children = (
				A564129D27CBCB6800825571 /* WritingDiaryResponse.swift */,
				A564129F27CBCB9B00825571 /* WritingDiaryRequest.swift */,
				A56412A127CBCBFA00825571 /* WritingDiaryDataManager.swift */,
			);
			path = WritingDiaryAPI;
			sourceTree = "<group>";
		};
		A56412A327CBDD8D00825571 /* ModifyDiaryAPI */ = {
			isa = PBXGroup;
			children = (
				A56412A427CBDDA300825571 /* ModifyDiaryResponse.swift */,
				A56412A627CBDDB400825571 /* ModifyDiaryRequest.swift */,
				A56412A827CBDDCC00825571 /* ModifyDiaryDataManager.swift */,
			);
			path = ModifyDiaryAPI;
			sourceTree = "<group>";
		};
		A567613C27B7E452006FDA7F = {
			isa = PBXGroup;
			children = (
				A567614727B7E452006FDA7F /* CommentDiary */,
				A567614627B7E452006FDA7F /* Products */,
				51669D4E9E08DA3E6E59DBC9 /* Pods */,
				082A63FC017F825CE36E1BDB /* Frameworks */,
			);
			sourceTree = "<group>";
		};
		A567614627B7E452006FDA7F /* Products */ = {
			isa = PBXGroup;
			children = (
				A567614527B7E452006FDA7F /* CommentDiary.app */,
			);
			name = Products;
			sourceTree = "<group>";
		};
		A567614727B7E452006FDA7F /* CommentDiary */ = {
			isa = PBXGroup;
			children = (
				A567617127B7EA13006FDA7F /* CommonClass */,
				A567616E27B7E8C8006FDA7F /* Secret */,
				A567616D27B7E8BA006FDA7F /* Font */,
				A567615C27B7E784006FDA7F /* Extension */,
				A567623427BD0553006FDA7F /* API */,
				A567617727B7EF74006FDA7F /* Sources */,
				A567617827B7F5EB006FDA7F /* Network */,
				A567614827B7E452006FDA7F /* AppDelegate.swift */,
				A567614A27B7E452006FDA7F /* SceneDelegate.swift */,
				A567614C27B7E452006FDA7F /* ViewController.swift */,
				A567615127B7E454006FDA7F /* Assets.xcassets */,
				A567615327B7E454006FDA7F /* LaunchScreen.storyboard */,
				A567615627B7E454006FDA7F /* Info.plist */,
			);
			path = CommentDiary;
			sourceTree = "<group>";
		};
		A567615C27B7E784006FDA7F /* Extension */ = {
			isa = PBXGroup;
			children = (
				A567615F27B7E7B0006FDA7F /* Date.swift */,
				A567616127B7E7CE006FDA7F /* String.swift */,
				A567616327B7E7E2006FDA7F /* Color.swift */,
				A567616527B7E809006FDA7F /* UIFont.swift */,
				A567616727B7E820006FDA7F /* UIButton.swift */,
				A567616927B7E83C006FDA7F /* UIViewController.swift */,
				A567616B27B7E890006FDA7F /* UINavigaionBar.swift */,
			);
			path = Extension;
			sourceTree = "<group>";
		};
		A567616D27B7E8BA006FDA7F /* Font */ = {
			isa = PBXGroup;
			children = (
			);
			path = Font;
			sourceTree = "<group>";
		};
		A567616E27B7E8C8006FDA7F /* Secret */ = {
			isa = PBXGroup;
			children = (
				A567616F27B7E8EA006FDA7F /* KobisKey.swift */,
			);
			path = Secret;
			sourceTree = "<group>";
		};
		A567617127B7EA13006FDA7F /* CommonClass */ = {
			isa = PBXGroup;
			children = (
				A567617327B7EA56006FDA7F /* IndicatorView.swift */,
			);
			path = CommonClass;
			sourceTree = "<group>";
		};
		A567617727B7EF74006FDA7F /* Sources */ = {
			isa = PBXGroup;
			children = (
				A5567CA227BEA330001A4B98 /* TodayDiary */,
				A5567C8227BD4C0F001A4B98 /* WritingDiaryTab */,
				A5567C8427BD4C16001A4B98 /* ArrivedDiaryTab */,
				A5567C8327BD4C13001A4B98 /* MyDiaryTab */,
				A5567C8127BD4C0C001A4B98 /* MyPageTab */,
				A567622827BBC7B6006FDA7F /* SignUp */,
				A5567C9D27BE9432001A4B98 /* SignUpCompletion */,
				A5CCD18B27C4CD1C0096281F /* PasswordSearch */,
				A567622327BBB8AE006FDA7F /* LogIn */,
				A567617927B7F605006FDA7F /* Splash */,
				A5567C9527BD52F0001A4B98 /* Alerts */,
				A567614E27B7E452006FDA7F /* Main.storyboard */,
			);
			path = Sources;
			sourceTree = "<group>";
		};
		A567617827B7F5EB006FDA7F /* Network */ = {
			isa = PBXGroup;
			children = (
			);
			path = Network;
			sourceTree = "<group>";
		};
		A567617927B7F605006FDA7F /* Splash */ = {
			isa = PBXGroup;
			children = (
				A567622F27BC2CA1006FDA7F /* Onboarding */,
				A567617A27B7F627006FDA7F /* SplashViewController.swift */,
				A567617C27B7F640006FDA7F /* Splash.storyboard */,
			);
			path = Splash;
			sourceTree = "<group>";
		};
		A567622327BBB8AE006FDA7F /* LogIn */ = {
			isa = PBXGroup;
			children = (
				A567622427BBB8C9006FDA7F /* Login.storyboard */,
				A567622627BBB8D5006FDA7F /* LoginViewController.swift */,
			);
			path = LogIn;
			sourceTree = "<group>";
		};
		A567622827BBC7B6006FDA7F /* SignUp */ = {
			isa = PBXGroup;
			children = (
				A567622927BBC7D3006FDA7F /* SignUpViewController.swift */,
				A567622B27BBC7DC006FDA7F /* SignUp.storyboard */,
				A567622D27BBFBBB006FDA7F /* SignUpPasswordViewModel.swift */,
			);
			path = SignUp;
			sourceTree = "<group>";
		};
		A567622F27BC2CA1006FDA7F /* Onboarding */ = {
			isa = PBXGroup;
			children = (
				A567623027BC2E33006FDA7F /* OnboardingSlide.swift */,
				A567623227BC2F10006FDA7F /* OnboardingCollectionViewCell.swift */,
			);
			path = Onboarding;
			sourceTree = "<group>";
		};
		A567623427BD0553006FDA7F /* API */ = {
			isa = PBXGroup;
			children = (
				A521371F27D0EFA700B98CF7 /* New Group1 */,
				A521372227D0EFD600B98CF7 /* TokenResponse */,
				A521371C27D0E45D00B98CF7 /* TokenData */,
				A52136F327D075E400B98CF7 /* Interceptor */,
				A521371627D0E03900B98CF7 /* APIs */,
				A521371327D0DFB700B98CF7 /* AuthRouter */,
				A521370E27D0D87E00B98CF7 /* OAuth */,
				A56412A327CBDD8D00825571 /* ModifyDiaryAPI */,
				A521372527D12E8100B98CF7 /* DeleteDiary */,
				A564129C27CBCB0500825571 /* WritingDiaryAPI */,
				A5BF9CDC27C7438C0093B900 /* SignUpApI */,
				A5CCD19227C4E3F20096281F /* SearchPasswordAPI */,
				A5CCD18227C34B7F0096281F /* LoginAPI */,
				A5C1D5B327C271A80046095A /* CheckEmailAPI */,
				A56FF79727C16A6C00C740F7 /* RequestEmailAuthAPI */,
			);
			path = API;
			sourceTree = "<group>";
		};
		A56FF78327C00F7700C740F7 /* WritingDiaryCell */ = {
			isa = PBXGroup;
			children = (
				A5CCD18927C3DC4F0096281F /* CalendarTimeZoneCustom.swift */,
				A56FF78827C0119D00C740F7 /* CalendarTableViewCell.swift */,
				A56FF78927C0119D00C740F7 /* CalendarTableViewCell.xib */,
				A56FF78C27C0C21F00C740F7 /* WritingDiaryTableViewCell.swift */,
				A56FF78D27C0C21F00C740F7 /* WritingDiaryTableViewCell.xib */,
			);
			path = WritingDiaryCell;
			sourceTree = "<group>";
		};
		A56FF79027C0E84700C740F7 /* TodayDiaryBottomSheet */ = {
			isa = PBXGroup;
			children = (
				A56FF79327C0E88000C740F7 /* TodayDiaryBottomViewController.swift */,
				A56FF79527C0E89400C740F7 /* TodayDiaryBottom.storyboard */,
			);
			path = TodayDiaryBottomSheet;
			sourceTree = "<group>";
		};
		A56FF79727C16A6C00C740F7 /* RequestEmailAuthAPI */ = {
			isa = PBXGroup;
			children = (
				A56FF79A27C16AC100C740F7 /* EmailResponse.swift */,
				A56FF79C27C16ACC00C740F7 /* EmailDataManager.swift */,
			);
			path = RequestEmailAuthAPI;
			sourceTree = "<group>";
		};
		A5B6B39A27CE3F6C0065DDF8 /* DeleteCheckAlert */ = {
			isa = PBXGroup;
			children = (
				A5B6B39B27CE405A0065DDF8 /* DeleteCheckAlertViewController.swift */,
				A5B6B39D27CE40710065DDF8 /* DeleteCheck.storyboard */,
			);
			path = DeleteCheckAlert;
			sourceTree = "<group>";
		};
		A5BF9CDC27C7438C0093B900 /* SignUpApI */ = {
			isa = PBXGroup;
			children = (
				A5BF9CDD27C743A70093B900 /* SignUpRequest.swift */,
				A5BF9CDF27C743B10093B900 /* SignUpResponse.swift */,
				A5BF9CE127C743BC0093B900 /* SignUpDataManager.swift */,
			);
			path = SignUpApI;
			sourceTree = "<group>";
		};
		A5BF9CE327C7FA5E0093B900 /* MyDiaryCell */ = {
			isa = PBXGroup;
			children = (
				A5BF9CE427C7FA800093B900 /* MyDiaryTableViewCell.swift */,
				A5BF9CE527C7FA800093B900 /* MyDiaryTableViewCell.xib */,
			);
			path = MyDiaryCell;
			sourceTree = "<group>";
		};
		A5BF9CE827C8C56C0093B900 /* SendDiaryAlert */ = {
			isa = PBXGroup;
			children = (
				A5BF9CE927C8C5880093B900 /* SendDiaryAlertViewController.swift */,
				A5BF9CEB27C8C64C0093B900 /* SendDiaryAlert.storyboard */,
				A5BF9CED27C8C6950093B900 /* SendDiaryAlertService.swift */,
			);
			path = SendDiaryAlert;
			sourceTree = "<group>";
		};
		A5BF9CEF27C8FEDF0093B900 /* DetailDIary */ = {
			isa = PBXGroup;
			children = (
				A5BF9CF027C8FF830093B900 /* NDetailDiaryViewController.swift */,
				A5BF9CF627C8FFA00093B900 /* NDetailDiary.storyboard */,
				A5BF9CF227C8FF8E0093B900 /* YDetailDiaryViewController.swift */,
				A5BF9CF427C8FF980093B900 /* YDetailDiary.storyboard */,
			);
			name = DetailDIary;
			sourceTree = "<group>";
		};
		A5C1D5B327C271A80046095A /* CheckEmailAPI */ = {
			isa = PBXGroup;
			children = (
				A5C1D5B427C271E80046095A /* CheckEmailDataManager.swift */,
				A5C1D5B627C271F30046095A /* CheckEmailResponse.swift */,
				A5C1D5B827C271FE0046095A /* CheckEmailRequest.swift */,
			);
			path = CheckEmailAPI;
			sourceTree = "<group>";
		};
		A5C9FB7227C60EC100445012 /* PasswordSent */ = {
			isa = PBXGroup;
			children = (
				A5CBCBFA27CA965D00BE857D /* success */,
				A5CBCBF927CA965000BE857D /* fail */,
			);
			path = PasswordSent;
			sourceTree = "<group>";
		};
		A5C9FB7927C6201000445012 /* CommentReport */ = {
			isa = PBXGroup;
			children = (
				A5C9FB7A27C6205400445012 /* CommentReportViewController.swift */,
				A5C9FB7C27C625DD00445012 /* CommentReportAlertService.swift */,
				A5C9FB7E27C6263500445012 /* CommentReportAlert.storyboard */,
			);
			path = CommentReport;
			sourceTree = "<group>";
		};
		A5CBCBF927CA965000BE857D /* fail */ = {
			isa = PBXGroup;
			children = (
				A5C9FB7327C60EE500445012 /* FailFindPasswordViewController.swift */,
				A5C9FB7527C60EF600445012 /* FailFIndPassword.storyboard */,
				A5C9FB7727C60F3900445012 /* PasswordSentAlertService.swift */,
			);
			path = fail;
			sourceTree = "<group>";
		};
		A5CBCBFA27CA965D00BE857D /* success */ = {
			isa = PBXGroup;
			children = (
				A5CBCBFB27CA96AA00BE857D /* SuccessFindPasswordViewController.swift */,
				A5CBCBFD27CA996D00BE857D /* SuccessPasswordSentAlertService.swift */,
				A5CBCBFF27CA99FF00BE857D /* SuccessFindPassword.storyboard */,
			);
			path = success;
			sourceTree = "<group>";
		};
		A5CCD18227C34B7F0096281F /* LoginAPI */ = {
			isa = PBXGroup;
			children = (
				A5CCD18327C34BA30096281F /* LoginDataManager.swift */,
				A5CCD18527C34BAE0096281F /* LoginResponse.swift */,
				A5CCD18727C34BB70096281F /* LoginRequest.swift */,
			);
			path = LoginAPI;
			sourceTree = "<group>";
		};
		A5CCD18B27C4CD1C0096281F /* PasswordSearch */ = {
			isa = PBXGroup;
			children = (
				A5CCD18C27C4CD660096281F /* PasswordSearchViewController.swift */,
				A5CCD19027C4CDF00096281F /* PasswordSearch.storyboard */,
			);
			path = PasswordSearch;
			sourceTree = "<group>";
		};
		A5CCD19227C4E3F20096281F /* SearchPasswordAPI */ = {
			isa = PBXGroup;
			children = (
				A5CCD19327C4E4060096281F /* SearchPasswordDataManager.swift */,
				A5CCD19527C4E4110096281F /* SearchPasswordResponse.swift */,
			);
			path = SearchPasswordAPI;
			sourceTree = "<group>";
		};
/* End PBXGroup section */

/* Begin PBXNativeTarget section */
		A567614427B7E452006FDA7F /* CommentDiary */ = {
			isa = PBXNativeTarget;
			buildConfigurationList = A567615927B7E454006FDA7F /* Build configuration list for PBXNativeTarget "CommentDiary" */;
			buildPhases = (
				2A916F8F2AE8965120DC258F /* [CP] Check Pods Manifest.lock */,
				A567614127B7E452006FDA7F /* Sources */,
				A567614227B7E452006FDA7F /* Frameworks */,
				A567614327B7E452006FDA7F /* Resources */,
				06F45932D178B4512D6CEDF2 /* [CP] Embed Pods Frameworks */,
			);
			buildRules = (
			);
			dependencies = (
			);
			name = CommentDiary;
			productName = CommentDiary;
			productReference = A567614527B7E452006FDA7F /* CommentDiary.app */;
			productType = "com.apple.product-type.application";
		};
/* End PBXNativeTarget section */

/* Begin PBXProject section */
		A567613D27B7E452006FDA7F /* Project object */ = {
			isa = PBXProject;
			attributes = {
				BuildIndependentTargetsInParallel = 1;
				LastSwiftUpdateCheck = 1320;
				LastUpgradeCheck = 1320;
				TargetAttributes = {
					A567614427B7E452006FDA7F = {
						CreatedOnToolsVersion = 13.2.1;
					};
				};
			};
			buildConfigurationList = A567614027B7E452006FDA7F /* Build configuration list for PBXProject "CommentDiary" */;
			compatibilityVersion = "Xcode 13.0";
			developmentRegion = en;
			hasScannedForEncodings = 0;
			knownRegions = (
				en,
				Base,
			);
			mainGroup = A567613C27B7E452006FDA7F;
			productRefGroup = A567614627B7E452006FDA7F /* Products */;
			projectDirPath = "";
			projectRoot = "";
			targets = (
				A567614427B7E452006FDA7F /* CommentDiary */,
			);
		};
/* End PBXProject section */

/* Begin PBXResourcesBuildPhase section */
		A567614327B7E452006FDA7F /* Resources */ = {
			isa = PBXResourcesBuildPhase;
			buildActionMask = 2147483647;
			files = (
				A5567CA427BEA342001A4B98 /* TodayDiary.storyboard in Resources */,
				A503FF7C27CE4D6C0049FF82 /* YPreSave.storyboard in Resources */,
				A567615527B7E454006FDA7F /* LaunchScreen.storyboard in Resources */,
				A5CBCC0027CA99FF00BE857D /* SuccessFindPassword.storyboard in Resources */,
				A5567C9027BD4D5B001A4B98 /* WritingDiary.storyboard in Resources */,
				A5BF9CE727C7FA800093B900 /* MyDiaryTableViewCell.xib in Resources */,
				A567615227B7E454006FDA7F /* Assets.xcassets in Resources */,
				A567615027B7E452006FDA7F /* Main.storyboard in Resources */,
				A5567CA127BE945E001A4B98 /* SignUpCompletion.storyboard in Resources */,
				A5BF9CF727C8FFA00093B900 /* NDetailDiary.storyboard in Resources */,
				A5B6B39E27CE40710065DDF8 /* DeleteCheck.storyboard in Resources */,
				A5BF9CF527C8FF980093B900 /* YDetailDiary.storyboard in Resources */,
				A567622527BBB8C9006FDA7F /* Login.storyboard in Resources */,
				A56FF78B27C0119D00C740F7 /* CalendarTableViewCell.xib in Resources */,
				A5567C8827BD4CC0001A4B98 /* ArrivedDiary.storyboard in Resources */,
				A503FF7627CE4D090049FF82 /* NSave.storyboard in Resources */,
				A54645D227CCF9FD008BA823 /* WritingComment.storyboard in Resources */,
				A5567C9227BD4D71001A4B98 /* MyPage.storyboard in Resources */,
				A5CCD19127C4CDF00096281F /* PasswordSearch.storyboard in Resources */,
				A567622C27BBC7DC006FDA7F /* SignUp.storyboard in Resources */,
				A5567C8A27BD4CD9001A4B98 /* MyDiary.storyboard in Resources */,
				A5C9FB7627C60EF600445012 /* FailFIndPassword.storyboard in Resources */,
				A5BF9CEC27C8C64C0093B900 /* SendDiaryAlert.storyboard in Resources */,
				A567617D27B7F640006FDA7F /* Splash.storyboard in Resources */,
				A56FF79627C0E89400C740F7 /* TodayDiaryBottom.storyboard in Resources */,
				A5C9FB7F27C6263500445012 /* CommentReportAlert.storyboard in Resources */,
				A56FF78F27C0C21F00C740F7 /* WritingDiaryTableViewCell.xib in Resources */,
				A5567C9A27BD53FA001A4B98 /* AuthNumber.storyboard in Resources */,
			);
			runOnlyForDeploymentPostprocessing = 0;
		};
/* End PBXResourcesBuildPhase section */

/* Begin PBXShellScriptBuildPhase section */
		06F45932D178B4512D6CEDF2 /* [CP] Embed Pods Frameworks */ = {
			isa = PBXShellScriptBuildPhase;
			buildActionMask = 2147483647;
			files = (
			);
			inputFileListPaths = (
				"${PODS_ROOT}/Target Support Files/Pods-CommentDiary/Pods-CommentDiary-frameworks-${CONFIGURATION}-input-files.xcfilelist",
			);
			name = "[CP] Embed Pods Frameworks";
			outputFileListPaths = (
				"${PODS_ROOT}/Target Support Files/Pods-CommentDiary/Pods-CommentDiary-frameworks-${CONFIGURATION}-output-files.xcfilelist",
			);
			runOnlyForDeploymentPostprocessing = 0;
			shellPath = /bin/sh;
			shellScript = "\"${PODS_ROOT}/Target Support Files/Pods-CommentDiary/Pods-CommentDiary-frameworks.sh\"\n";
			showEnvVarsInLog = 0;
		};
		2A916F8F2AE8965120DC258F /* [CP] Check Pods Manifest.lock */ = {
			isa = PBXShellScriptBuildPhase;
			buildActionMask = 8;
			files = (
			);
			inputFileListPaths = (
			);
			inputPaths = (
				"${PODS_PODFILE_DIR_PATH}/Podfile.lock",
				"${PODS_ROOT}/Manifest.lock",
			);
			name = "[CP] Check Pods Manifest.lock";
			outputFileListPaths = (
			);
			outputPaths = (
				"$(DERIVED_FILE_DIR)/Pods-CommentDiary-checkManifestLockResult.txt",
			);
			runOnlyForDeploymentPostprocessing = 1;
			shellPath = /bin/sh;
			shellScript = "diff \"${PODS_PODFILE_DIR_PATH}/Podfile.lock\" \"${PODS_ROOT}/Manifest.lock\" > /dev/null\nif [ $? != 0 ] ; then\n    # print error to STDERR\n    echo \"error: The sandbox is not in sync with the Podfile.lock. Run 'pod install' or update your CocoaPods installation.\" >&2\n    exit 1\nfi\n# This output is used by Xcode 'outputs' to avoid re-running this script phase.\necho \"SUCCESS\" > \"${SCRIPT_OUTPUT_FILE_0}\"\n";
			showEnvVarsInLog = 0;
		};
/* End PBXShellScriptBuildPhase section */

/* Begin PBXSourcesBuildPhase section */
		A567614127B7E452006FDA7F /* Sources */ = {
			isa = PBXSourcesBuildPhase;
			buildActionMask = 2147483647;
			files = (
				A521372727D12EA700B98CF7 /* DeleteDiaryResponse.swift in Sources */,
				A521371527D0DFD700B98CF7 /* AuthRouter.swift in Sources */,
				A5BF9CDE27C743A70093B900 /* SignUpRequest.swift in Sources */,
				A5B6B39C27CE405A0065DDF8 /* DeleteCheckAlertViewController.swift in Sources */,
				A5CBCBFE27CA996D00BE857D /* SuccessPasswordSentAlertService.swift in Sources */,
				A5567C8C27BD4CF5001A4B98 /* MyDiaryViewController.swift in Sources */,
				A5CCD18627C34BAE0096281F /* LoginResponse.swift in Sources */,
				A5BF9CE027C743B10093B900 /* SignUpResponse.swift in Sources */,
				A56412A927CBDDCC00825571 /* ModifyDiaryDataManager.swift in Sources */,
				A56412A527CBDDA300825571 /* ModifyDiaryResponse.swift in Sources */,
				A5BF9CE627C7FA800093B900 /* MyDiaryTableViewCell.swift in Sources */,
				A521371827D0E05400B98CF7 /* ApiLogger.swift in Sources */,
				A567622727BBB8D5006FDA7F /* LoginViewController.swift in Sources */,
				A5BF9CF327C8FF8E0093B900 /* YDetailDiaryViewController.swift in Sources */,
				A5BF9CEA27C8C5880093B900 /* SendDiaryAlertViewController.swift in Sources */,
				A567614D27B7E452006FDA7F /* ViewController.swift in Sources */,
				A5BF9CE227C743BC0093B900 /* SignUpDataManager.swift in Sources */,
				A56FF78A27C0119D00C740F7 /* CalendarTableViewCell.swift in Sources */,
				A567614927B7E452006FDA7F /* AppDelegate.swift in Sources */,
				A503FF7827CE4D170049FF82 /* NSaveViewController.swift in Sources */,
				A521371E27D0E46B00B98CF7 /* TokenData.swift in Sources */,
				A5BF9CEE27C8C6950093B900 /* SendDiaryAlertService.swift in Sources */,
				A56FF79B27C16AC100C740F7 /* EmailResponse.swift in Sources */,
				A567616C27B7E890006FDA7F /* UINavigaionBar.swift in Sources */,
				A567616A27B7E83C006FDA7F /* UIViewController.swift in Sources */,
				A5CCD18D27C4CD660096281F /* PasswordSearchViewController.swift in Sources */,
				A5567C9F27BE9452001A4B98 /* SignUpCompletionViewController.swift in Sources */,
				A567616227B7E7CE006FDA7F /* String.swift in Sources */,
				A52136F727D076BF00B98CF7 /* BaseInterceptor.swift in Sources */,
				A56412A027CBCB9B00825571 /* WritingDiaryRequest.swift in Sources */,
				A567616827B7E820006FDA7F /* UIButton.swift in Sources */,
				A5C1D5B927C271FE0046095A /* CheckEmailRequest.swift in Sources */,
				A5C1D5B527C271E80046095A /* CheckEmailDataManager.swift in Sources */,
				A521372B27D12ED300B98CF7 /* DeleteDiaryDataManager.swift in Sources */,
				A521371027D0D89500B98CF7 /* OAuthCredential.swift in Sources */,
				A5CCD19427C4E4060096281F /* SearchPasswordDataManager.swift in Sources */,
				A521372427D0EFE300B98CF7 /* TokenResponse.swift in Sources */,
				A56FF78E27C0C21F00C740F7 /* WritingDiaryTableViewCell.swift in Sources */,
				A5567C9827BD5353001A4B98 /* AuthNumberViewController.swift in Sources */,
				A567617B27B7F627006FDA7F /* SplashViewController.swift in Sources */,
				A567617027B7E8EA006FDA7F /* KobisKey.swift in Sources */,
				A54645D027CCF958008BA823 /* WritingCommentAlertViewController.swift in Sources */,
				A567622A27BBC7D3006FDA7F /* SignUpViewController.swift in Sources */,
				A5567CA627BEA350001A4B98 /* TodayDiaryViewController.swift in Sources */,
				A5CCD18427C34BA30096281F /* LoginDataManager.swift in Sources */,
				A5C9FB7B27C6205400445012 /* CommentReportViewController.swift in Sources */,
				A5CCD18827C34BB70096281F /* LoginRequest.swift in Sources */,
				A5567C9C27BD5A3C001A4B98 /* AuthNumberAlertService.swift in Sources */,
				A567616627B7E809006FDA7F /* UIFont.swift in Sources */,
				A56412A227CBCBFA00825571 /* WritingDiaryDataManager.swift in Sources */,
				A521371227D0DA1400B98CF7 /* OAuthAuthenticator.swift in Sources */,
				A5567C9427BD4D7D001A4B98 /* MyPageViewController.swift in Sources */,
				A5C9FB7827C60F3900445012 /* PasswordSentAlertService.swift in Sources */,
				A5567C8627BD4C98001A4B98 /* ArrivedDiaryViewController.swift in Sources */,
				A567614B27B7E452006FDA7F /* SceneDelegate.swift in Sources */,
				A567616027B7E7B0006FDA7F /* Date.swift in Sources */,
				A5C9FB7D27C625DD00445012 /* CommentReportAlertService.swift in Sources */,
				A5CCD18A27C3DC4F0096281F /* CalendarTimeZoneCustom.swift in Sources */,
				A56412A727CBDDB400825571 /* ModifyDiaryRequest.swift in Sources */,
				A521371A27D0E06000B98CF7 /* ApiClient.swift in Sources */,
				A567622E27BBFBBC006FDA7F /* SignUpPasswordViewModel.swift in Sources */,
				A56FF79D27C16ACC00C740F7 /* EmailDataManager.swift in Sources */,
				A567623127BC2E33006FDA7F /* OnboardingSlide.swift in Sources */,
				A521372127D0EFB700B98CF7 /* UserDefaultManager.swift in Sources */,
				A567617427B7EA56006FDA7F /* IndicatorView.swift in Sources */,
				A521372927D12EC800B98CF7 /* DeleteDiaryRequest.swift in Sources */,
				A503FF7A27CE4D630049FF82 /* YPreSaveViewController.swift in Sources */,
				A567616427B7E7E2006FDA7F /* Color.swift in Sources */,
				A5CBCBFC27CA96AA00BE857D /* SuccessFindPasswordViewController.swift in Sources */,
				A5C9FB7427C60EE500445012 /* FailFindPasswordViewController.swift in Sources */,
				A564129E27CBCB6800825571 /* WritingDiaryResponse.swift in Sources */,
				A5C1D5B727C271F40046095A /* CheckEmailResponse.swift in Sources */,
				A5567C8E27BD4D1A001A4B98 /* WritingDiaryViewController.swift in Sources */,
				A5BF9CF127C8FF830093B900 /* NDetailDiaryViewController.swift in Sources */,
				A5CCD19627C4E4110096281F /* SearchPasswordResponse.swift in Sources */,
				A567623327BC2F10006FDA7F /* OnboardingCollectionViewCell.swift in Sources */,
				A56FF79427C0E88000C740F7 /* TodayDiaryBottomViewController.swift in Sources */,
			);
			runOnlyForDeploymentPostprocessing = 0;
		};
/* End PBXSourcesBuildPhase section */

/* Begin PBXVariantGroup section */
		A567614E27B7E452006FDA7F /* Main.storyboard */ = {
			isa = PBXVariantGroup;
			children = (
				A567614F27B7E452006FDA7F /* Base */,
			);
			name = Main.storyboard;
			sourceTree = "<group>";
		};
		A567615327B7E454006FDA7F /* LaunchScreen.storyboard */ = {
			isa = PBXVariantGroup;
			children = (
				A567615427B7E454006FDA7F /* Base */,
			);
			name = LaunchScreen.storyboard;
			sourceTree = "<group>";
		};
/* End PBXVariantGroup section */

/* Begin XCBuildConfiguration section */
		A567615727B7E454006FDA7F /* Debug */ = {
			isa = XCBuildConfiguration;
			buildSettings = {
				ALWAYS_SEARCH_USER_PATHS = NO;
				CLANG_ANALYZER_NONNULL = YES;
				CLANG_ANALYZER_NUMBER_OBJECT_CONVERSION = YES_AGGRESSIVE;
				CLANG_CXX_LANGUAGE_STANDARD = "gnu++17";
				CLANG_CXX_LIBRARY = "libc++";
				CLANG_ENABLE_MODULES = YES;
				CLANG_ENABLE_OBJC_ARC = YES;
				CLANG_ENABLE_OBJC_WEAK = YES;
				CLANG_WARN_BLOCK_CAPTURE_AUTORELEASING = YES;
				CLANG_WARN_BOOL_CONVERSION = YES;
				CLANG_WARN_COMMA = YES;
				CLANG_WARN_CONSTANT_CONVERSION = YES;
				CLANG_WARN_DEPRECATED_OBJC_IMPLEMENTATIONS = YES;
				CLANG_WARN_DIRECT_OBJC_ISA_USAGE = YES_ERROR;
				CLANG_WARN_DOCUMENTATION_COMMENTS = YES;
				CLANG_WARN_EMPTY_BODY = YES;
				CLANG_WARN_ENUM_CONVERSION = YES;
				CLANG_WARN_INFINITE_RECURSION = YES;
				CLANG_WARN_INT_CONVERSION = YES;
				CLANG_WARN_NON_LITERAL_NULL_CONVERSION = YES;
				CLANG_WARN_OBJC_IMPLICIT_RETAIN_SELF = YES;
				CLANG_WARN_OBJC_LITERAL_CONVERSION = YES;
				CLANG_WARN_OBJC_ROOT_CLASS = YES_ERROR;
				CLANG_WARN_QUOTED_INCLUDE_IN_FRAMEWORK_HEADER = YES;
				CLANG_WARN_RANGE_LOOP_ANALYSIS = YES;
				CLANG_WARN_STRICT_PROTOTYPES = YES;
				CLANG_WARN_SUSPICIOUS_MOVE = YES;
				CLANG_WARN_UNGUARDED_AVAILABILITY = YES_AGGRESSIVE;
				CLANG_WARN_UNREACHABLE_CODE = YES;
				CLANG_WARN__DUPLICATE_METHOD_MATCH = YES;
				COPY_PHASE_STRIP = NO;
				DEBUG_INFORMATION_FORMAT = dwarf;
				ENABLE_STRICT_OBJC_MSGSEND = YES;
				ENABLE_TESTABILITY = YES;
				GCC_C_LANGUAGE_STANDARD = gnu11;
				GCC_DYNAMIC_NO_PIC = NO;
				GCC_NO_COMMON_BLOCKS = YES;
				GCC_OPTIMIZATION_LEVEL = 0;
				GCC_PREPROCESSOR_DEFINITIONS = (
					"DEBUG=1",
					"$(inherited)",
				);
				GCC_WARN_64_TO_32_BIT_CONVERSION = YES;
				GCC_WARN_ABOUT_RETURN_TYPE = YES_ERROR;
				GCC_WARN_UNDECLARED_SELECTOR = YES;
				GCC_WARN_UNINITIALIZED_AUTOS = YES_AGGRESSIVE;
				GCC_WARN_UNUSED_FUNCTION = YES;
				GCC_WARN_UNUSED_VARIABLE = YES;
				IPHONEOS_DEPLOYMENT_TARGET = 15.2;
				MTL_ENABLE_DEBUG_INFO = INCLUDE_SOURCE;
				MTL_FAST_MATH = YES;
				ONLY_ACTIVE_ARCH = YES;
				SDKROOT = iphoneos;
				SWIFT_ACTIVE_COMPILATION_CONDITIONS = DEBUG;
				SWIFT_OPTIMIZATION_LEVEL = "-Onone";
			};
			name = Debug;
		};
		A567615827B7E454006FDA7F /* Release */ = {
			isa = XCBuildConfiguration;
			buildSettings = {
				ALWAYS_SEARCH_USER_PATHS = NO;
				CLANG_ANALYZER_NONNULL = YES;
				CLANG_ANALYZER_NUMBER_OBJECT_CONVERSION = YES_AGGRESSIVE;
				CLANG_CXX_LANGUAGE_STANDARD = "gnu++17";
				CLANG_CXX_LIBRARY = "libc++";
				CLANG_ENABLE_MODULES = YES;
				CLANG_ENABLE_OBJC_ARC = YES;
				CLANG_ENABLE_OBJC_WEAK = YES;
				CLANG_WARN_BLOCK_CAPTURE_AUTORELEASING = YES;
				CLANG_WARN_BOOL_CONVERSION = YES;
				CLANG_WARN_COMMA = YES;
				CLANG_WARN_CONSTANT_CONVERSION = YES;
				CLANG_WARN_DEPRECATED_OBJC_IMPLEMENTATIONS = YES;
				CLANG_WARN_DIRECT_OBJC_ISA_USAGE = YES_ERROR;
				CLANG_WARN_DOCUMENTATION_COMMENTS = YES;
				CLANG_WARN_EMPTY_BODY = YES;
				CLANG_WARN_ENUM_CONVERSION = YES;
				CLANG_WARN_INFINITE_RECURSION = YES;
				CLANG_WARN_INT_CONVERSION = YES;
				CLANG_WARN_NON_LITERAL_NULL_CONVERSION = YES;
				CLANG_WARN_OBJC_IMPLICIT_RETAIN_SELF = YES;
				CLANG_WARN_OBJC_LITERAL_CONVERSION = YES;
				CLANG_WARN_OBJC_ROOT_CLASS = YES_ERROR;
				CLANG_WARN_QUOTED_INCLUDE_IN_FRAMEWORK_HEADER = YES;
				CLANG_WARN_RANGE_LOOP_ANALYSIS = YES;
				CLANG_WARN_STRICT_PROTOTYPES = YES;
				CLANG_WARN_SUSPICIOUS_MOVE = YES;
				CLANG_WARN_UNGUARDED_AVAILABILITY = YES_AGGRESSIVE;
				CLANG_WARN_UNREACHABLE_CODE = YES;
				CLANG_WARN__DUPLICATE_METHOD_MATCH = YES;
				COPY_PHASE_STRIP = NO;
				DEBUG_INFORMATION_FORMAT = "dwarf-with-dsym";
				ENABLE_NS_ASSERTIONS = NO;
				ENABLE_STRICT_OBJC_MSGSEND = YES;
				GCC_C_LANGUAGE_STANDARD = gnu11;
				GCC_NO_COMMON_BLOCKS = YES;
				GCC_WARN_64_TO_32_BIT_CONVERSION = YES;
				GCC_WARN_ABOUT_RETURN_TYPE = YES_ERROR;
				GCC_WARN_UNDECLARED_SELECTOR = YES;
				GCC_WARN_UNINITIALIZED_AUTOS = YES_AGGRESSIVE;
				GCC_WARN_UNUSED_FUNCTION = YES;
				GCC_WARN_UNUSED_VARIABLE = YES;
				IPHONEOS_DEPLOYMENT_TARGET = 15.2;
				MTL_ENABLE_DEBUG_INFO = NO;
				MTL_FAST_MATH = YES;
				SDKROOT = iphoneos;
				SWIFT_COMPILATION_MODE = wholemodule;
				SWIFT_OPTIMIZATION_LEVEL = "-O";
				VALIDATE_PRODUCT = YES;
			};
			name = Release;
		};
		A567615A27B7E454006FDA7F /* Debug */ = {
			isa = XCBuildConfiguration;
			baseConfigurationReference = F7CFBFB7F6DD1F7AD2C2DF30 /* Pods-CommentDiary.debug.xcconfig */;
			buildSettings = {
				ASSETCATALOG_COMPILER_APPICON_NAME = AppIcon;
				ASSETCATALOG_COMPILER_GLOBAL_ACCENT_COLOR_NAME = AccentColor;
				CODE_SIGN_STYLE = Automatic;
				CURRENT_PROJECT_VERSION = 1;
				DEVELOPMENT_TEAM = 69F5355JYF;
				GENERATE_INFOPLIST_FILE = YES;
				INFOPLIST_FILE = CommentDiary/Info.plist;
				INFOPLIST_KEY_UIApplicationSupportsIndirectInputEvents = YES;
				INFOPLIST_KEY_UILaunchStoryboardName = LaunchScreen;
				INFOPLIST_KEY_UIMainStoryboardFile = Splash;
				INFOPLIST_KEY_UISupportedInterfaceOrientations_iPad = "UIInterfaceOrientationPortrait UIInterfaceOrientationPortraitUpsideDown UIInterfaceOrientationLandscapeLeft UIInterfaceOrientationLandscapeRight";
				INFOPLIST_KEY_UISupportedInterfaceOrientations_iPhone = "UIInterfaceOrientationPortrait UIInterfaceOrientationLandscapeLeft UIInterfaceOrientationLandscapeRight";
				INFOPLIST_KEY_UIUserInterfaceStyle = Lignt;
				IPHONEOS_DEPLOYMENT_TARGET = 13.0;
				LD_RUNPATH_SEARCH_PATHS = (
					"$(inherited)",
					"@executable_path/Frameworks",
				);
				MARKETING_VERSION = 1.0;
				NEW_SETTING = "";
				PRODUCT_BUNDLE_IDENTIFIER = com.CMC.CommentDiary;
				PRODUCT_NAME = "$(TARGET_NAME)";
				SWIFT_EMIT_LOC_STRINGS = YES;
				SWIFT_VERSION = 5.0;
				TARGETED_DEVICE_FAMILY = "1,2";
			};
			name = Debug;
		};
		A567615B27B7E454006FDA7F /* Release */ = {
			isa = XCBuildConfiguration;
			baseConfigurationReference = E3C33BD30605D7DB387967A7 /* Pods-CommentDiary.release.xcconfig */;
			buildSettings = {
				ASSETCATALOG_COMPILER_APPICON_NAME = AppIcon;
				ASSETCATALOG_COMPILER_GLOBAL_ACCENT_COLOR_NAME = AccentColor;
				CODE_SIGN_STYLE = Automatic;
				CURRENT_PROJECT_VERSION = 1;
				DEVELOPMENT_TEAM = 69F5355JYF;
				GENERATE_INFOPLIST_FILE = YES;
				INFOPLIST_FILE = CommentDiary/Info.plist;
				INFOPLIST_KEY_UIApplicationSupportsIndirectInputEvents = YES;
				INFOPLIST_KEY_UILaunchStoryboardName = LaunchScreen;
				INFOPLIST_KEY_UIMainStoryboardFile = Splash;
				INFOPLIST_KEY_UISupportedInterfaceOrientations_iPad = "UIInterfaceOrientationPortrait UIInterfaceOrientationPortraitUpsideDown UIInterfaceOrientationLandscapeLeft UIInterfaceOrientationLandscapeRight";
				INFOPLIST_KEY_UISupportedInterfaceOrientations_iPhone = "UIInterfaceOrientationPortrait UIInterfaceOrientationLandscapeLeft UIInterfaceOrientationLandscapeRight";
				INFOPLIST_KEY_UIUserInterfaceStyle = Lignt;
				IPHONEOS_DEPLOYMENT_TARGET = 13.0;
				LD_RUNPATH_SEARCH_PATHS = (
					"$(inherited)",
					"@executable_path/Frameworks",
				);
				MARKETING_VERSION = 1.0;
				NEW_SETTING = "";
				PRODUCT_BUNDLE_IDENTIFIER = com.CMC.CommentDiary;
				PRODUCT_NAME = "$(TARGET_NAME)";
				SWIFT_EMIT_LOC_STRINGS = YES;
				SWIFT_VERSION = 5.0;
				TARGETED_DEVICE_FAMILY = "1,2";
			};
			name = Release;
		};
/* End XCBuildConfiguration section */

/* Begin XCConfigurationList section */
		A567614027B7E452006FDA7F /* Build configuration list for PBXProject "CommentDiary" */ = {
			isa = XCConfigurationList;
			buildConfigurations = (
				A567615727B7E454006FDA7F /* Debug */,
				A567615827B7E454006FDA7F /* Release */,
			);
			defaultConfigurationIsVisible = 0;
			defaultConfigurationName = Release;
		};
		A567615927B7E454006FDA7F /* Build configuration list for PBXNativeTarget "CommentDiary" */ = {
			isa = XCConfigurationList;
			buildConfigurations = (
				A567615A27B7E454006FDA7F /* Debug */,
				A567615B27B7E454006FDA7F /* Release */,
			);
			defaultConfigurationIsVisible = 0;
			defaultConfigurationName = Release;
		};
/* End XCConfigurationList section */
	};
	rootObject = A567613D27B7E452006FDA7F /* Project object */;
}
